
Microsoft Visual Studio Solution File, Format Version 12.00
# Visual Studio Version 17
VisualStudioVersion = 17.3.32901.215
MinimumVisualStudioVersion = 10.0.40219.1
Project("{FAE04EC0-301F-11D3-BF4B-00C04F79EFBC}") = "SpritkostenRechner", "SpritkostenRechner.csproj", "{B4A607C8-A2A6-4B51-9410-1C26C16CDA1E}"
EndProject
Global
	GlobalSection(SolutionConfigurationPlatforms) = preSolution
		Debug|Any CPU = Debug|Any CPU
		Release|Any CPU = Release|Any CPU
	EndGlobalSection
	GlobalSection(ProjectConfigurationPlatforms) = postSolution
		{B4A607C8-A2A6-4B51-9410-1C26C16CDA1E}.Debug|Any CPU.ActiveCfg = Debug|Any CPU
		{B4A607C8-A2A6-4B51-9410-1C26C16CDA1E}.Debug|Any CPU.Build.0 = Debug|Any CPU
		{B4A607C8-A2A6-4B51-9410-1C26C16CDA1E}.Release|Any CPU.ActiveCfg = Release|Any CPU
		{B4A607C8-A2A6-4B51-9410-1C26C16CDA1E}.Release|Any CPU.Build.0 = Release|Any CPU
	EndGlobalSection
	GlobalSection(SolutionProperties) = preSolution
		HideSolutionNode = FALSE
	EndGlobalSection
	GlobalSection(ExtensibilityGlobals) = postSolution
		SolutionGuid = {C1D41886-F69B-44DB-8B07-A61C08427B5C}
	EndGlobalSection
EndGlobal
